
Microsoft Visual Studio Solution File, Format Version 12.00
# Visual Studio Version 17
VisualStudioVersion = 17.6.33723.286
MinimumVisualStudioVersion = 10.0.40219.1
Project("{9A19103F-16F7-4668-BE54-9A1E7A4F7556}") = "DiasFestivos.Core", "DiasFestivos.Core\DiasFestivos.Core.csproj", "{DD3F7B03-807C-4B59-8FB2-9040861791B3}"
EndProject
Project("{9A19103F-16F7-4668-BE54-9A1E7A4F7556}") = "DiasFestivos.Dominio", "DiasFestivos.Dominio\DiasFestivos.Dominio.csproj", "{BE22BB9B-5269-4E4B-A6FE-104894313779}"
EndProject
Project("{9A19103F-16F7-4668-BE54-9A1E7A4F7556}") = "DiasFestivos.Infraestructura.Persistencia", "DiasFestivos.Infraestructura.Persistencia\DiasFestivos.Infraestructura.Persistencia.csproj", "{B78D3533-2926-41A3-B319-F71A816A7084}"
EndProject
Project("{9A19103F-16F7-4668-BE54-9A1E7A4F7556}") = "DiasFestivos.aplication", "DiasFestivos.aplication\DiasFestivos.aplication.csproj", "{9FFC22FB-03D2-4DE1-A60A-C57D36FBC3F3}"
EndProject
Project("{9A19103F-16F7-4668-BE54-9A1E7A4F7556}") = "DiasFestivos.Infraestructura.Repositorio", "DiasFestivos.Infraestructura.Repositorio\DiasFestivos.Infraestructura.Repositorio.csproj", "{7D99B2C9-6D4A-47C0-AFFB-F308100BC4BC}"
EndProject
Project("{FAE04EC0-301F-11D3-BF4B-00C04F79EFBC}") = "DiasFestivos.Presentacion1", "DiasFestivos.Presentacion1\DiasFestivos.Presentacion1.csproj", "{6455B8EB-C272-42EE-95D0-4BA35AFAF59A}"
EndProject
Global
	GlobalSection(SolutionConfigurationPlatforms) = preSolution
		Debug|Any CPU = Debug|Any CPU
		Release|Any CPU = Release|Any CPU
	EndGlobalSection
	GlobalSection(ProjectConfigurationPlatforms) = postSolution
		{DD3F7B03-807C-4B59-8FB2-9040861791B3}.Debug|Any CPU.ActiveCfg = Debug|Any CPU
		{DD3F7B03-807C-4B59-8FB2-9040861791B3}.Debug|Any CPU.Build.0 = Debug|Any CPU
		{DD3F7B03-807C-4B59-8FB2-9040861791B3}.Release|Any CPU.ActiveCfg = Release|Any CPU
		{DD3F7B03-807C-4B59-8FB2-9040861791B3}.Release|Any CPU.Build.0 = Release|Any CPU
		{BE22BB9B-5269-4E4B-A6FE-104894313779}.Debug|Any CPU.ActiveCfg = Debug|Any CPU
		{BE22BB9B-5269-4E4B-A6FE-104894313779}.Debug|Any CPU.Build.0 = Debug|Any CPU
		{BE22BB9B-5269-4E4B-A6FE-104894313779}.Release|Any CPU.ActiveCfg = Release|Any CPU
		{BE22BB9B-5269-4E4B-A6FE-104894313779}.Release|Any CPU.Build.0 = Release|Any CPU
		{B78D3533-2926-41A3-B319-F71A816A7084}.Debug|Any CPU.ActiveCfg = Debug|Any CPU
		{B78D3533-2926-41A3-B319-F71A816A7084}.Debug|Any CPU.Build.0 = Debug|Any CPU
		{B78D3533-2926-41A3-B319-F71A816A7084}.Release|Any CPU.ActiveCfg = Release|Any CPU
		{B78D3533-2926-41A3-B319-F71A816A7084}.Release|Any CPU.Build.0 = Release|Any CPU
		{9FFC22FB-03D2-4DE1-A60A-C57D36FBC3F3}.Debug|Any CPU.ActiveCfg = Debug|Any CPU
		{9FFC22FB-03D2-4DE1-A60A-C57D36FBC3F3}.Debug|Any CPU.Build.0 = Debug|Any CPU
		{9FFC22FB-03D2-4DE1-A60A-C57D36FBC3F3}.Release|Any CPU.ActiveCfg = Release|Any CPU
		{9FFC22FB-03D2-4DE1-A60A-C57D36FBC3F3}.Release|Any CPU.Build.0 = Release|Any CPU
		{7D99B2C9-6D4A-47C0-AFFB-F308100BC4BC}.Debug|Any CPU.ActiveCfg = Debug|Any CPU
		{7D99B2C9-6D4A-47C0-AFFB-F308100BC4BC}.Debug|Any CPU.Build.0 = Debug|Any CPU
		{7D99B2C9-6D4A-47C0-AFFB-F308100BC4BC}.Release|Any CPU.ActiveCfg = Release|Any CPU
		{7D99B2C9-6D4A-47C0-AFFB-F308100BC4BC}.Release|Any CPU.Build.0 = Release|Any CPU
		{6455B8EB-C272-42EE-95D0-4BA35AFAF59A}.Debug|Any CPU.ActiveCfg = Debug|Any CPU
		{6455B8EB-C272-42EE-95D0-4BA35AFAF59A}.Debug|Any CPU.Build.0 = Debug|Any CPU
		{6455B8EB-C272-42EE-95D0-4BA35AFAF59A}.Release|Any CPU.ActiveCfg = Release|Any CPU
		{6455B8EB-C272-42EE-95D0-4BA35AFAF59A}.Release|Any CPU.Build.0 = Release|Any CPU
	EndGlobalSection
	GlobalSection(SolutionProperties) = preSolution
		HideSolutionNode = FALSE
	EndGlobalSection
	GlobalSection(ExtensibilityGlobals) = postSolution
		SolutionGuid = {93F26872-933C-43CE-AA10-8DE043663FAE}
	EndGlobalSection
EndGlobal
